// !$*UTF8*$!
{
	archiveVersion = 1;
	classes = {
	};
	objectVersion = 50;
	objects = {

/* Begin PBXBuildFile section */
		1DE4E5C5270A5CCE004A30CA /* AppDelegate.swift in Sources */ = {isa = PBXBuildFile; fileRef = 1DE4E5C4270A5CCE004A30CA /* AppDelegate.swift */; };
		1DE4E5C7270A5CCE004A30CA /* SceneDelegate.swift in Sources */ = {isa = PBXBuildFile; fileRef = 1DE4E5C6270A5CCE004A30CA /* SceneDelegate.swift */; };
		1DE4E5CC270A5CCE004A30CA /* Main.storyboard in Resources */ = {isa = PBXBuildFile; fileRef = 1DE4E5CA270A5CCE004A30CA /* Main.storyboard */; };
		1DE4E5CE270A5CD0004A30CA /* Assets.xcassets in Resources */ = {isa = PBXBuildFile; fileRef = 1DE4E5CD270A5CD0004A30CA /* Assets.xcassets */; };
		1DE4E5D1270A5CD0004A30CA /* LaunchScreen.storyboard in Resources */ = {isa = PBXBuildFile; fileRef = 1DE4E5CF270A5CD0004A30CA /* LaunchScreen.storyboard */; };
		1EEBDA352775E5700004179D /* DataAPI.swift in Sources */ = {isa = PBXBuildFile; fileRef = 1EEBDA342775E5700004179D /* DataAPI.swift */; };
		1EEBDA3B2775E6570004179D /* UrlAPI.swift in Sources */ = {isa = PBXBuildFile; fileRef = 1EEBDA3A2775E6570004179D /* UrlAPI.swift */; };
		1EEBDA4E27789DBC0004179D /* MainScrViewController.xib in Resources */ = {isa = PBXBuildFile; fileRef = 1EEBDA4027789DBC0004179D /* MainScrViewController.xib */; };
		1EEBDA4F27789DBC0004179D /* ActivitiesViewController.swift in Sources */ = {isa = PBXBuildFile; fileRef = 1EEBDA4127789DBC0004179D /* ActivitiesViewController.swift */; };
		1EEBDA5027789DBC0004179D /* LoginController.xib in Resources */ = {isa = PBXBuildFile; fileRef = 1EEBDA4227789DBC0004179D /* LoginController.xib */; };
		1EEBDA5127789DBC0004179D /* ProfileViewController.xib in Resources */ = {isa = PBXBuildFile; fileRef = 1EEBDA4327789DBC0004179D /* ProfileViewController.xib */; };
		1EEBDA5227789DBC0004179D /* LoginController.swift in Sources */ = {isa = PBXBuildFile; fileRef = 1EEBDA4427789DBC0004179D /* LoginController.swift */; };
		1EEBDA5327789DBC0004179D /* RegisterController.swift in Sources */ = {isa = PBXBuildFile; fileRef = 1EEBDA4527789DBC0004179D /* RegisterController.swift */; };
		1EEBDA5427789DBC0004179D /* ActivityDetails.swift in Sources */ = {isa = PBXBuildFile; fileRef = 1EEBDA4627789DBC0004179D /* ActivityDetails.swift */; };
		1EEBDA5527789DBC0004179D /* TabsViewController.xib in Resources */ = {isa = PBXBuildFile; fileRef = 1EEBDA4727789DBC0004179D /* TabsViewController.xib */; };
		1EEBDA5627789DBC0004179D /* MainScrViewController.swift in Sources */ = {isa = PBXBuildFile; fileRef = 1EEBDA4827789DBC0004179D /* MainScrViewController.swift */; };
		1EEBDA5727789DBC0004179D /* RegisterController.xib in Resources */ = {isa = PBXBuildFile; fileRef = 1EEBDA4927789DBC0004179D /* RegisterController.xib */; };
		1EEBDA5827789DBC0004179D /* ActivityDetails.xib in Resources */ = {isa = PBXBuildFile; fileRef = 1EEBDA4A27789DBC0004179D /* ActivityDetails.xib */; };
		1EEBDA5927789DBC0004179D /* TabsViewController.swift in Sources */ = {isa = PBXBuildFile; fileRef = 1EEBDA4B27789DBC0004179D /* TabsViewController.swift */; };
		1EEBDA5A27789DBC0004179D /* ProfileViewController.swift in Sources */ = {isa = PBXBuildFile; fileRef = 1EEBDA4C27789DBC0004179D /* ProfileViewController.swift */; };
		1EEBDA5B27789DBC0004179D /* ActivitiesViewController.xib in Resources */ = {isa = PBXBuildFile; fileRef = 1EEBDA4D27789DBC0004179D /* ActivitiesViewController.xib */; };
		C41D38EB275106A0008BC88E /* ActivityBeginViewController.swift in Sources */ = {isa = PBXBuildFile; fileRef = C41D38E9275106A0008BC88E /* ActivityBeginViewController.swift */; };
		C41D38EC275106A0008BC88E /* ActivityBeginViewController.xib in Resources */ = {isa = PBXBuildFile; fileRef = C41D38EA275106A0008BC88E /* ActivityBeginViewController.xib */; };
		C478B0342744FD5A002E7580 /* CTextField.swift in Sources */ = {isa = PBXBuildFile; fileRef = C478B0332744FD5A002E7580 /* CTextField.swift */; };
		C480B9402756212A008FEC13 /* firstdz.xcdatamodeld in Sources */ = {isa = PBXBuildFile; fileRef = C480B93E27562129008FEC13 /* firstdz.xcdatamodeld */; };
		C480B9422757126C008FEC13 /* FinishActivityBtn.swift in Sources */ = {isa = PBXBuildFile; fileRef = C480B9412757126C008FEC13 /* FinishActivityBtn.swift */; };
		C480B9442757199C008FEC13 /* PauseResumeActivityBtn.swift in Sources */ = {isa = PBXBuildFile; fileRef = C480B9432757199C008FEC13 /* PauseResumeActivityBtn.swift */; };
		C480BBB3275488BE00C3D975 /* CoreDataManager.swift in Sources */ = {isa = PBXBuildFile; fileRef = C480BBB2275488BE00C3D975 /* CoreDataManager.swift */; };
		C484C9FD274E239D006DAA64 /* ActivitiesCellTableViewCell.swift in Sources */ = {isa = PBXBuildFile; fileRef = C484C9FB274E239D006DAA64 /* ActivitiesCellTableViewCell.swift */; };
		C484C9FE274E239D006DAA64 /* ActivitiesCellTableViewCell.xib in Resources */ = {isa = PBXBuildFile; fileRef = C484C9FC274E239D006DAA64 /* ActivitiesCellTableViewCell.xib */; };
		C4C5757027579D2400276651 /* ActivityTypeCollectionViewCell.swift in Sources */ = {isa = PBXBuildFile; fileRef = C4C5756E27579D2400276651 /* ActivityTypeCollectionViewCell.swift */; };
		C4C5757127579D2400276651 /* ActivityTypeCollectionViewCell.xib in Resources */ = {isa = PBXBuildFile; fileRef = C4C5756F27579D2400276651 /* ActivityTypeCollectionViewCell.xib */; };
		C4C575732758820D00276651 /* CTopCornersView.swift in Sources */ = {isa = PBXBuildFile; fileRef = C4C575722758820D00276651 /* CTopCornersView.swift */; };
		C4E0F015271D807B0036A948 /* CStyledButton.swift in Sources */ = {isa = PBXBuildFile; fileRef = C4E0F014271D807B0036A948 /* CStyledButton.swift */; };
/* End PBXBuildFile section */

/* Begin PBXFileReference section */
		1DE4E5C1270A5CCE004A30CA /* firstdz.app */ = {isa = PBXFileReference; explicitFileType = wrapper.application; includeInIndex = 0; path = firstdz.app; sourceTree = BUILT_PRODUCTS_DIR; };
		1DE4E5C4270A5CCE004A30CA /* AppDelegate.swift */ = {isa = PBXFileReference; lastKnownFileType = sourcecode.swift; path = AppDelegate.swift; sourceTree = "<group>"; };
		1DE4E5C6270A5CCE004A30CA /* SceneDelegate.swift */ = {isa = PBXFileReference; lastKnownFileType = sourcecode.swift; path = SceneDelegate.swift; sourceTree = "<group>"; };
		1DE4E5CB270A5CCE004A30CA /* Base */ = {isa = PBXFileReference; lastKnownFileType = file.storyboard; name = Base; path = Base.lproj/Main.storyboard; sourceTree = "<group>"; };
		1DE4E5CD270A5CD0004A30CA /* Assets.xcassets */ = {isa = PBXFileReference; lastKnownFileType = folder.assetcatalog; path = Assets.xcassets; sourceTree = "<group>"; };
		1DE4E5D0270A5CD0004A30CA /* Base */ = {isa = PBXFileReference; lastKnownFileType = file.storyboard; name = Base; path = Base.lproj/LaunchScreen.storyboard; sourceTree = "<group>"; };
		1DE4E5D2270A5CD0004A30CA /* Info.plist */ = {isa = PBXFileReference; lastKnownFileType = text.plist.xml; path = Info.plist; sourceTree = "<group>"; };
		1EEBDA342775E5700004179D /* DataAPI.swift */ = {isa = PBXFileReference; lastKnownFileType = sourcecode.swift; path = DataAPI.swift; sourceTree = "<group>"; };
		1EEBDA3A2775E6570004179D /* UrlAPI.swift */ = {isa = PBXFileReference; lastKnownFileType = sourcecode.swift; path = UrlAPI.swift; sourceTree = "<group>"; };
		1EEBDA4027789DBC0004179D /* MainScrViewController.xib */ = {isa = PBXFileReference; fileEncoding = 4; lastKnownFileType = file.xib; path = MainScrViewController.xib; sourceTree = "<group>"; };
		1EEBDA4127789DBC0004179D /* ActivitiesViewController.swift */ = {isa = PBXFileReference; fileEncoding = 4; lastKnownFileType = sourcecode.swift; path = ActivitiesViewController.swift; sourceTree = "<group>"; };
		1EEBDA4227789DBC0004179D /* LoginController.xib */ = {isa = PBXFileReference; fileEncoding = 4; lastKnownFileType = file.xib; path = LoginController.xib; sourceTree = "<group>"; };
		1EEBDA4327789DBC0004179D /* ProfileViewController.xib */ = {isa = PBXFileReference; fileEncoding = 4; lastKnownFileType = file.xib; path = ProfileViewController.xib; sourceTree = "<group>"; };
		1EEBDA4427789DBC0004179D /* LoginController.swift */ = {isa = PBXFileReference; fileEncoding = 4; lastKnownFileType = sourcecode.swift; path = LoginController.swift; sourceTree = "<group>"; };
		1EEBDA4527789DBC0004179D /* RegisterController.swift */ = {isa = PBXFileReference; fileEncoding = 4; lastKnownFileType = sourcecode.swift; path = RegisterController.swift; sourceTree = "<group>"; };
		1EEBDA4627789DBC0004179D /* ActivityDetails.swift */ = {isa = PBXFileReference; fileEncoding = 4; lastKnownFileType = sourcecode.swift; path = ActivityDetails.swift; sourceTree = "<group>"; };
		1EEBDA4727789DBC0004179D /* TabsViewController.xib */ = {isa = PBXFileReference; fileEncoding = 4; lastKnownFileType = file.xib; path = TabsViewController.xib; sourceTree = "<group>"; };
		1EEBDA4827789DBC0004179D /* MainScrViewController.swift */ = {isa = PBXFileReference; fileEncoding = 4; lastKnownFileType = sourcecode.swift; path = MainScrViewController.swift; sourceTree = "<group>"; };
		1EEBDA4927789DBC0004179D /* RegisterController.xib */ = {isa = PBXFileReference; fileEncoding = 4; lastKnownFileType = file.xib; path = RegisterController.xib; sourceTree = "<group>"; };
		1EEBDA4A27789DBC0004179D /* ActivityDetails.xib */ = {isa = PBXFileReference; fileEncoding = 4; lastKnownFileType = file.xib; path = ActivityDetails.xib; sourceTree = "<group>"; };
		1EEBDA4B27789DBC0004179D /* TabsViewController.swift */ = {isa = PBXFileReference; fileEncoding = 4; lastKnownFileType = sourcecode.swift; path = TabsViewController.swift; sourceTree = "<group>"; };
		1EEBDA4C27789DBC0004179D /* ProfileViewController.swift */ = {isa = PBXFileReference; fileEncoding = 4; lastKnownFileType = sourcecode.swift; path = ProfileViewController.swift; sourceTree = "<group>"; };
		1EEBDA4D27789DBC0004179D /* ActivitiesViewController.xib */ = {isa = PBXFileReference; fileEncoding = 4; lastKnownFileType = file.xib; path = ActivitiesViewController.xib; sourceTree = "<group>"; };
		C41D38E9275106A0008BC88E /* ActivityBeginViewController.swift */ = {isa = PBXFileReference; lastKnownFileType = sourcecode.swift; path = ActivityBeginViewController.swift; sourceTree = "<group>"; };
		C41D38EA275106A0008BC88E /* ActivityBeginViewController.xib */ = {isa = PBXFileReference; lastKnownFileType = file.xib; path = ActivityBeginViewController.xib; sourceTree = "<group>"; };
		C478B0332744FD5A002E7580 /* CTextField.swift */ = {isa = PBXFileReference; lastKnownFileType = sourcecode.swift; path = CTextField.swift; sourceTree = "<group>"; };
		C480B93F2756212A008FEC13 /*  */ = {isa = PBXFileReference; lastKnownFileType = wrapper.xcdatamodeld; name = ""; sourceTree = "<group>"; };
		C480B9412757126C008FEC13 /* FinishActivityBtn.swift */ = {isa = PBXFileReference; lastKnownFileType = sourcecode.swift; path = FinishActivityBtn.swift; sourceTree = "<group>"; };
		C480B9432757199C008FEC13 /* PauseResumeActivityBtn.swift */ = {isa = PBXFileReference; lastKnownFileType = sourcecode.swift; path = PauseResumeActivityBtn.swift; sourceTree = "<group>"; };
		C480BBB2275488BE00C3D975 /* CoreDataManager.swift */ = {isa = PBXFileReference; lastKnownFileType = sourcecode.swift; path = CoreDataManager.swift; sourceTree = "<group>"; };
		C484C9FB274E239D006DAA64 /* ActivitiesCellTableViewCell.swift */ = {isa = PBXFileReference; lastKnownFileType = sourcecode.swift; path = ActivitiesCellTableViewCell.swift; sourceTree = "<group>"; };
		C484C9FC274E239D006DAA64 /* ActivitiesCellTableViewCell.xib */ = {isa = PBXFileReference; lastKnownFileType = file.xib; path = ActivitiesCellTableViewCell.xib; sourceTree = "<group>"; };
		C4C5756E27579D2400276651 /* ActivityTypeCollectionViewCell.swift */ = {isa = PBXFileReference; lastKnownFileType = sourcecode.swift; path = ActivityTypeCollectionViewCell.swift; sourceTree = "<group>"; };
		C4C5756F27579D2400276651 /* ActivityTypeCollectionViewCell.xib */ = {isa = PBXFileReference; lastKnownFileType = file.xib; path = ActivityTypeCollectionViewCell.xib; sourceTree = "<group>"; };
		C4C575722758820D00276651 /* CTopCornersView.swift */ = {isa = PBXFileReference; lastKnownFileType = sourcecode.swift; path = CTopCornersView.swift; sourceTree = "<group>"; };
		C4E0F014271D807B0036A948 /* CStyledButton.swift */ = {isa = PBXFileReference; lastKnownFileType = sourcecode.swift; path = CStyledButton.swift; sourceTree = "<group>"; };
/* End PBXFileReference section */

/* Begin PBXFrameworksBuildPhase section */
		1DE4E5BE270A5CCE004A30CA /* Frameworks */ = {
			isa = PBXFrameworksBuildPhase;
			buildActionMask = 2147483647;
			files = (
			);
			runOnlyForDeploymentPostprocessing = 0;
		};
/* End PBXFrameworksBuildPhase section */

/* Begin PBXGroup section */
		1DE4E5B8270A5CCE004A30CA = {
			isa = PBXGroup;
			children = (
				C4C575722758820D00276651 /* CTopCornersView.swift */,
				1EEBDA342775E5700004179D /* DataAPI.swift */,
				1EEBDA3A2775E6570004179D /* UrlAPI.swift */,
				C4C5756E27579D2400276651 /* ActivityTypeCollectionViewCell.swift */,
				C4C5756F27579D2400276651 /* ActivityTypeCollectionViewCell.xib */,
				C480B9432757199C008FEC13 /* PauseResumeActivityBtn.swift */,
				C480B9412757126C008FEC13 /* FinishActivityBtn.swift */,
				C480B93E27562129008FEC13 /* firstdz.xcdatamodeld */,
				C480BBB2275488BE00C3D975 /* CoreDataManager.swift */,
				1DE4E5C3270A5CCE004A30CA /* firstdz */,
				1DE4E5C2270A5CCE004A30CA /* Products */,
			);
			sourceTree = "<group>";
		};
		1DE4E5C2270A5CCE004A30CA /* Products */ = {
			isa = PBXGroup;
			children = (
				1DE4E5C1270A5CCE004A30CA /* firstdz.app */,
			);
			name = Products;
			sourceTree = "<group>";
		};
		1DE4E5C3270A5CCE004A30CA /* firstdz */ = {
			isa = PBXGroup;
			children = (
				1EEBDA3F27789DBC0004179D /* Controllers */,
				C478B03927460895002E7580 /* Views */,
				1DE4E5C4270A5CCE004A30CA /* AppDelegate.swift */,
				1DE4E5C6270A5CCE004A30CA /* SceneDelegate.swift */,
				1DE4E5CA270A5CCE004A30CA /* Main.storyboard */,
				1DE4E5CD270A5CD0004A30CA /* Assets.xcassets */,
				1DE4E5CF270A5CD0004A30CA /* LaunchScreen.storyboard */,
				1DE4E5D2270A5CD0004A30CA /* Info.plist */,
			);
			path = firstdz;
			sourceTree = "<group>";
		};
		1EEBDA3F27789DBC0004179D /* Controllers */ = {
			isa = PBXGroup;
			children = (
				1EEBDA4027789DBC0004179D /* MainScrViewController.xib */,
				1EEBDA4127789DBC0004179D /* ActivitiesViewController.swift */,
				1EEBDA4227789DBC0004179D /* LoginController.xib */,
				1EEBDA4327789DBC0004179D /* ProfileViewController.xib */,
				1EEBDA4427789DBC0004179D /* LoginController.swift */,
				1EEBDA4527789DBC0004179D /* RegisterController.swift */,
				1EEBDA4627789DBC0004179D /* ActivityDetails.swift */,
				1EEBDA4727789DBC0004179D /* TabsViewController.xib */,
				1EEBDA4827789DBC0004179D /* MainScrViewController.swift */,
				1EEBDA4927789DBC0004179D /* RegisterController.xib */,
				1EEBDA4A27789DBC0004179D /* ActivityDetails.xib */,
				1EEBDA4B27789DBC0004179D /* TabsViewController.swift */,
				1EEBDA4C27789DBC0004179D /* ProfileViewController.swift */,
				1EEBDA4D27789DBC0004179D /* ActivitiesViewController.xib */,
			);
			path = Controllers;
			sourceTree = "<group>";
		};
		C478B03927460895002E7580 /* Views */ = {
			isa = PBXGroup;
			children = (
				C41D38EA275106A0008BC88E /* ActivityBeginViewController.xib */,
				C41D38E9275106A0008BC88E /* ActivityBeginViewController.swift */,
				C484C9FC274E239D006DAA64 /* ActivitiesCellTableViewCell.xib */,
				C484C9FB274E239D006DAA64 /* ActivitiesCellTableViewCell.swift */,
				C4E0F014271D807B0036A948 /* CStyledButton.swift */,
				C478B0332744FD5A002E7580 /* CTextField.swift */,
			);
			path = Views;
			sourceTree = "<group>";
		};
/* End PBXGroup section */

/* Begin PBXNativeTarget section */
		1DE4E5C0270A5CCE004A30CA /* firstdz */ = {
			isa = PBXNativeTarget;
			buildConfigurationList = 1DE4E5D5270A5CD0004A30CA /* Build configuration list for PBXNativeTarget "firstdz" */;
			buildPhases = (
				1DE4E5BD270A5CCE004A30CA /* Sources */,
				1DE4E5BE270A5CCE004A30CA /* Frameworks */,
				1DE4E5BF270A5CCE004A30CA /* Resources */,
			);
			buildRules = (
			);
			dependencies = (
			);
			name = firstdz;
			productName = fefuactivity;
			productReference = 1DE4E5C1270A5CCE004A30CA /* firstdz.app */;
			productType = "com.apple.product-type.application";
		};
/* End PBXNativeTarget section */

/* Begin PBXProject section */
		1DE4E5B9270A5CCE004A30CA /* Project object */ = {
			isa = PBXProject;
			attributes = {
				LastSwiftUpdateCheck = 1250;
				LastUpgradeCheck = 1250;
				TargetAttributes = {
					1DE4E5C0270A5CCE004A30CA = {
						CreatedOnToolsVersion = 12.5;
					};
				};
			};
			buildConfigurationList = 1DE4E5BC270A5CCE004A30CA /* Build configuration list for PBXProject "firstdz" */;
			compatibilityVersion = "Xcode 9.3";
			developmentRegion = en;
			hasScannedForEncodings = 0;
			knownRegions = (
				en,
				Base,
			);
			mainGroup = 1DE4E5B8270A5CCE004A30CA;
			productRefGroup = 1DE4E5C2270A5CCE004A30CA /* Products */;
			projectDirPath = "";
			projectRoot = "";
			targets = (
				1DE4E5C0270A5CCE004A30CA /* firstdz */,
			);
		};
/* End PBXProject section */

/* Begin PBXResourcesBuildPhase section */
		1DE4E5BF270A5CCE004A30CA /* Resources */ = {
			isa = PBXResourcesBuildPhase;
			buildActionMask = 2147483647;
			files = (
				1EEBDA5127789DBC0004179D /* ProfileViewController.xib in Resources */,
				C484C9FE274E239D006DAA64 /* ActivitiesCellTableViewCell.xib in Resources */,
				1EEBDA5727789DBC0004179D /* RegisterController.xib in Resources */,
				1EEBDA5B27789DBC0004179D /* ActivitiesViewController.xib in Resources */,
				1EEBDA5027789DBC0004179D /* LoginController.xib in Resources */,
				1DE4E5D1270A5CD0004A30CA /* LaunchScreen.storyboard in Resources */,
				1EEBDA4E27789DBC0004179D /* MainScrViewController.xib in Resources */,
				C4C5757127579D2400276651 /* ActivityTypeCollectionViewCell.xib in Resources */,
				1EEBDA5827789DBC0004179D /* ActivityDetails.xib in Resources */,
				1EEBDA5527789DBC0004179D /* TabsViewController.xib in Resources */,
				C41D38EC275106A0008BC88E /* ActivityBeginViewController.xib in Resources */,
				1DE4E5CE270A5CD0004A30CA /* Assets.xcassets in Resources */,
				1DE4E5CC270A5CCE004A30CA /* Main.storyboard in Resources */,
			);
			runOnlyForDeploymentPostprocessing = 0;
		};
/* End PBXResourcesBuildPhase section */

/* Begin PBXSourcesBuildPhase section */
		1DE4E5BD270A5CCE004A30CA /* Sources */ = {
			isa = PBXSourcesBuildPhase;
			buildActionMask = 2147483647;
			files = (
				C480B9422757126C008FEC13 /* FinishActivityBtn.swift in Sources */,
				C4C575732758820D00276651 /* CTopCornersView.swift in Sources */,
				C478B0342744FD5A002E7580 /* CTextField.swift in Sources */,
				1DE4E5C5270A5CCE004A30CA /* AppDelegate.swift in Sources */,
				C4E0F015271D807B0036A948 /* CStyledButton.swift in Sources */,
				C4C5757027579D2400276651 /* ActivityTypeCollectionViewCell.swift in Sources */,
				C41D38EB275106A0008BC88E /* ActivityBeginViewController.swift in Sources */,
				1EEBDA4F27789DBC0004179D /* ActivitiesViewController.swift in Sources */,
				1EEBDA5927789DBC0004179D /* TabsViewController.swift in Sources */,
				1DE4E5C7270A5CCE004A30CA /* SceneDelegate.swift in Sources */,
				1EEBDA5427789DBC0004179D /* ActivityDetails.swift in Sources */,
				C484C9FD274E239D006DAA64 /* ActivitiesCellTableViewCell.swift in Sources */,
				C480B9402756212A008FEC13 /* firstdz.xcdatamodeld in Sources */,
				1EEBDA352775E5700004179D /* DataAPI.swift in Sources */,
				C480BBB3275488BE00C3D975 /* CoreDataManager.swift in Sources */,
				1EEBDA5327789DBC0004179D /* RegisterController.swift in Sources */,
				1EEBDA5627789DBC0004179D /* MainScrViewController.swift in Sources */,
				1EEBDA5227789DBC0004179D /* LoginController.swift in Sources */,
				1EEBDA5A27789DBC0004179D /* ProfileViewController.swift in Sources */,
				C480B9442757199C008FEC13 /* PauseResumeActivityBtn.swift in Sources */,
				1EEBDA3B2775E6570004179D /* UrlAPI.swift in Sources */,
			);
			runOnlyForDeploymentPostprocessing = 0;
		};
/* End PBXSourcesBuildPhase section */

/* Begin PBXVariantGroup section */
		1DE4E5CA270A5CCE004A30CA /* Main.storyboard */ = {
			isa = PBXVariantGroup;
			children = (
				1DE4E5CB270A5CCE004A30CA /* Base */,
			);
			name = Main.storyboard;
			sourceTree = "<group>";
		};
		1DE4E5CF270A5CD0004A30CA /* LaunchScreen.storyboard */ = {
			isa = PBXVariantGroup;
			children = (
				1DE4E5D0270A5CD0004A30CA /* Base */,
			);
			name = LaunchScreen.storyboard;
			sourceTree = "<group>";
		};
/* End PBXVariantGroup section */

/* Begin XCBuildConfiguration section */
		1DE4E5D3270A5CD0004A30CA /* Debug */ = {
			isa = XCBuildConfiguration;
			buildSettings = {
				ALWAYS_SEARCH_USER_PATHS = NO;
				CLANG_ANALYZER_NONNULL = YES;
				CLANG_ANALYZER_NUMBER_OBJECT_CONVERSION = YES_AGGRESSIVE;
				CLANG_CXX_LANGUAGE_STANDARD = "gnu++14";
				CLANG_CXX_LIBRARY = "libc++";
				CLANG_ENABLE_MODULES = YES;
				CLANG_ENABLE_OBJC_ARC = YES;
				CLANG_ENABLE_OBJC_WEAK = YES;
				CLANG_WARN_BLOCK_CAPTURE_AUTORELEASING = YES;
				CLANG_WARN_BOOL_CONVERSION = YES;
				CLANG_WARN_COMMA = YES;
				CLANG_WARN_CONSTANT_CONVERSION = YES;
				CLANG_WARN_DEPRECATED_OBJC_IMPLEMENTATIONS = YES;
				CLANG_WARN_DIRECT_OBJC_ISA_USAGE = YES_ERROR;
				CLANG_WARN_DOCUMENTATION_COMMENTS = YES;
				CLANG_WARN_EMPTY_BODY = YES;
				CLANG_WARN_ENUM_CONVERSION = YES;
				CLANG_WARN_INFINITE_RECURSION = YES;
				CLANG_WARN_INT_CONVERSION = YES;
				CLANG_WARN_NON_LITERAL_NULL_CONVERSION = YES;
				CLANG_WARN_OBJC_IMPLICIT_RETAIN_SELF = YES;
				CLANG_WARN_OBJC_LITERAL_CONVERSION = YES;
				CLANG_WARN_OBJC_ROOT_CLASS = YES_ERROR;
				CLANG_WARN_QUOTED_INCLUDE_IN_FRAMEWORK_HEADER = YES;
				CLANG_WARN_RANGE_LOOP_ANALYSIS = YES;
				CLANG_WARN_STRICT_PROTOTYPES = YES;
				CLANG_WARN_SUSPICIOUS_MOVE = YES;
				CLANG_WARN_UNGUARDED_AVAILABILITY = YES_AGGRESSIVE;
				CLANG_WARN_UNREACHABLE_CODE = YES;
				CLANG_WARN__DUPLICATE_METHOD_MATCH = YES;
				COPY_PHASE_STRIP = NO;
				DEBUG_INFORMATION_FORMAT = dwarf;
				ENABLE_STRICT_OBJC_MSGSEND = YES;
				ENABLE_TESTABILITY = YES;
				GCC_C_LANGUAGE_STANDARD = gnu11;
				GCC_DYNAMIC_NO_PIC = NO;
				GCC_NO_COMMON_BLOCKS = YES;
				GCC_OPTIMIZATION_LEVEL = 0;
				GCC_PREPROCESSOR_DEFINITIONS = (
					"DEBUG=1",
					"$(inherited)",
				);
				GCC_WARN_64_TO_32_BIT_CONVERSION = YES;
				GCC_WARN_ABOUT_RETURN_TYPE = YES_ERROR;
				GCC_WARN_UNDECLARED_SELECTOR = YES;
				GCC_WARN_UNINITIALIZED_AUTOS = YES_AGGRESSIVE;
				GCC_WARN_UNUSED_FUNCTION = YES;
				GCC_WARN_UNUSED_VARIABLE = YES;
				IPHONEOS_DEPLOYMENT_TARGET = 14.5;
				MTL_ENABLE_DEBUG_INFO = INCLUDE_SOURCE;
				MTL_FAST_MATH = YES;
				ONLY_ACTIVE_ARCH = YES;
				SDKROOT = iphoneos;
				SWIFT_ACTIVE_COMPILATION_CONDITIONS = DEBUG;
				SWIFT_OPTIMIZATION_LEVEL = "-Onone";
			};
			name = Debug;
		};
		1DE4E5D4270A5CD0004A30CA /* Release */ = {
			isa = XCBuildConfiguration;
			buildSettings = {
				ALWAYS_SEARCH_USER_PATHS = NO;
				CLANG_ANALYZER_NONNULL = YES;
				CLANG_ANALYZER_NUMBER_OBJECT_CONVERSION = YES_AGGRESSIVE;
				CLANG_CXX_LANGUAGE_STANDARD = "gnu++14";
				CLANG_CXX_LIBRARY = "libc++";
				CLANG_ENABLE_MODULES = YES;
				CLANG_ENABLE_OBJC_ARC = YES;
				CLANG_ENABLE_OBJC_WEAK = YES;
				CLANG_WARN_BLOCK_CAPTURE_AUTORELEASING = YES;
				CLANG_WARN_BOOL_CONVERSION = YES;
				CLANG_WARN_COMMA = YES;
				CLANG_WARN_CONSTANT_CONVERSION = YES;
				CLANG_WARN_DEPRECATED_OBJC_IMPLEMENTATIONS = YES;
				CLANG_WARN_DIRECT_OBJC_ISA_USAGE = YES_ERROR;
				CLANG_WARN_DOCUMENTATION_COMMENTS = YES;
				CLANG_WARN_EMPTY_BODY = YES;
				CLANG_WARN_ENUM_CONVERSION = YES;
				CLANG_WARN_INFINITE_RECURSION = YES;
				CLANG_WARN_INT_CONVERSION = YES;
				CLANG_WARN_NON_LITERAL_NULL_CONVERSION = YES;
				CLANG_WARN_OBJC_IMPLICIT_RETAIN_SELF = YES;
				CLANG_WARN_OBJC_LITERAL_CONVERSION = YES;
				CLANG_WARN_OBJC_ROOT_CLASS = YES_ERROR;
				CLANG_WARN_QUOTED_INCLUDE_IN_FRAMEWORK_HEADER = YES;
				CLANG_WARN_RANGE_LOOP_ANALYSIS = YES;
				CLANG_WARN_STRICT_PROTOTYPES = YES;
				CLANG_WARN_SUSPICIOUS_MOVE = YES;
				CLANG_WARN_UNGUARDED_AVAILABILITY = YES_AGGRESSIVE;
				CLANG_WARN_UNREACHABLE_CODE = YES;
				CLANG_WARN__DUPLICATE_METHOD_MATCH = YES;
				COPY_PHASE_STRIP = NO;
				DEBUG_INFORMATION_FORMAT = "dwarf-with-dsym";
				ENABLE_NS_ASSERTIONS = NO;
				ENABLE_STRICT_OBJC_MSGSEND = YES;
				GCC_C_LANGUAGE_STANDARD = gnu11;
				GCC_NO_COMMON_BLOCKS = YES;
				GCC_WARN_64_TO_32_BIT_CONVERSION = YES;
				GCC_WARN_ABOUT_RETURN_TYPE = YES_ERROR;
				GCC_WARN_UNDECLARED_SELECTOR = YES;
				GCC_WARN_UNINITIALIZED_AUTOS = YES_AGGRESSIVE;
				GCC_WARN_UNUSED_FUNCTION = YES;
				GCC_WARN_UNUSED_VARIABLE = YES;
				IPHONEOS_DEPLOYMENT_TARGET = 14.5;
				MTL_ENABLE_DEBUG_INFO = NO;
				MTL_FAST_MATH = YES;
				SDKROOT = iphoneos;
				SWIFT_COMPILATION_MODE = wholemodule;
				SWIFT_OPTIMIZATION_LEVEL = "-O";
				VALIDATE_PRODUCT = YES;
			};
			name = Release;
		};
		1DE4E5D6270A5CD0004A30CA /* Debug */ = {
			isa = XCBuildConfiguration;
			buildSettings = {
				ASSETCATALOG_COMPILER_APPICON_NAME = AppIcon;
				ASSETCATALOG_COMPILER_GLOBAL_ACCENT_COLOR_NAME = AccentColor;
				CODE_SIGN_STYLE = Manual;
				DEVELOPMENT_TEAM = "";
				INFOPLIST_FILE = firstdz/Info.plist;
				IPHONEOS_DEPLOYMENT_TARGET = 13.0;
				LD_RUNPATH_SEARCH_PATHS = (
					"$(inherited)",
					"@executable_path/Frameworks",
				);
				MARKETING_VERSION = 1.0;
				PRODUCT_BUNDLE_IDENTIFIER = dvfu.yurvik.firstdz;
				PRODUCT_NAME = "$(TARGET_NAME)";
				PROVISIONING_PROFILE_SPECIFIER = "";
				SWIFT_VERSION = 5.0;
				TARGETED_DEVICE_FAMILY = "1,2";
			};
			name = Debug;
		};
		1DE4E5D7270A5CD0004A30CA /* Release */ = {
			isa = XCBuildConfiguration;
			buildSettings = {
				ASSETCATALOG_COMPILER_APPICON_NAME = AppIcon;
				ASSETCATALOG_COMPILER_GLOBAL_ACCENT_COLOR_NAME = AccentColor;
				CODE_SIGN_STYLE = Manual;
				DEVELOPMENT_TEAM = "";
				INFOPLIST_FILE = firstdz/Info.plist;
				IPHONEOS_DEPLOYMENT_TARGET = 13.0;
				LD_RUNPATH_SEARCH_PATHS = (
					"$(inherited)",
					"@executable_path/Frameworks",
				);
				MARKETING_VERSION = 1.0;
				PRODUCT_BUNDLE_IDENTIFIER = dvfu.yurvik.firstdz;
				PRODUCT_NAME = "$(TARGET_NAME)";
				PROVISIONING_PROFILE_SPECIFIER = "";
				SWIFT_VERSION = 5.0;
				TARGETED_DEVICE_FAMILY = "1,2";
			};
			name = Release;
		};
/* End XCBuildConfiguration section */

/* Begin XCConfigurationList section */
		1DE4E5BC270A5CCE004A30CA /* Build configuration list for PBXProject "firstdz" */ = {
			isa = XCConfigurationList;
			buildConfigurations = (
				1DE4E5D3270A5CD0004A30CA /* Debug */,
				1DE4E5D4270A5CD0004A30CA /* Release */,
			);
			defaultConfigurationIsVisible = 0;
			defaultConfigurationName = Release;
		};
		1DE4E5D5270A5CD0004A30CA /* Build configuration list for PBXNativeTarget "firstdz" */ = {
			isa = XCConfigurationList;
			buildConfigurations = (
				1DE4E5D6270A5CD0004A30CA /* Debug */,
				1DE4E5D7270A5CD0004A30CA /* Release */,
			);
			defaultConfigurationIsVisible = 0;
			defaultConfigurationName = Release;
		};
/* End XCConfigurationList section */

/* Begin XCVersionGroup section */
		C480B93E27562129008FEC13 /* firstdz.xcdatamodeld */ = {
			isa = XCVersionGroup;
			children = (
				C480B93F2756212A008FEC13 /*  */,
			);
			currentVersion = C480B93F2756212A008FEC13 /*  */;
			path = firstdz.xcdatamodeld;
			sourceTree = "<group>";
			versionGroupType = wrapper.xcdatamodel;
		};
/* End XCVersionGroup section */
	};
	rootObject = 1DE4E5B9270A5CCE004A30CA /* Project object */;
}
